{
  "originHash" : "9d80266b4109f23f446890c694548994e45d139f53a1935c5f1e023eb5e0d581",
  "pins" : [
    {
      "identity" : "clerk-ios",
      "kind" : "remoteSourceControl",
      "location" : "https://github.com/clerk/clerk-ios",
      "state" : {
        "revision" : "4968c90a273efe6ce394d0faf3e6f8eab19a906c",
        "version" : "1.5.3"
      }
    },
    {
      "identity" : "nuke",
      "kind" : "remoteSourceControl",
      "location" : "https://github.com/kean/Nuke.git",
      "state" : {
        "revision" : "30f7a7e72e0607d304fbf69c799474bd5fb6d1ce",
        "version" : "13.2.0"
      }
    },
    {
      "identity" : "phonenumberkit",
      "kind" : "remoteSourceControl",
      "location" : "https://github.com/PhoneNumberKit/PhoneNumberKit",
      "state" : {
        "revision" : "754d0d5597593ba8bcdc2b4ddf5f85fc3a4e799f",
        "version" : "5.0.7"
      }
    }
  ],
  "version" : 3
}
